{
  "requires": true,
  "lockfileVersion": 1,
  "dependencies": {
    "types-registry": {
      "version": "0.1.698",
      "resolved": "https://registry.npmjs.org/types-registry/-/types-registry-0.1.698.tgz",
      "integrity": "sha512-ZchaFewG8qLXwW9LSIRvF/9gTQEibv34tfBwhOyf852SArx+DpQp5NLbh2oOKbOpO/HkI8Qms/PtsmciC4i/oA=="
    }
  }
}
